
Microsoft Visual Studio Solution File, Format Version 12.00
# Visual Studio Version 17
VisualStudioVersion = 17.7.34031.279
MinimumVisualStudioVersion = 10.0.40219.1
Project("{FAE04EC0-301F-11D3-BF4B-00C04F79EFBC}") = "aplikasi_2_kalkulator", "aplikasi_2_kalkulator\aplikasi_2_kalkulator.csproj", "{7D863096-2E04-4C5A-885F-75E712564BB3}"
EndProject
Global
	GlobalSection(SolutionConfigurationPlatforms) = preSolution
		Debug|Any CPU = Debug|Any CPU
		Release|Any CPU = Release|Any CPU
	EndGlobalSection
	GlobalSection(ProjectConfigurationPlatforms) = postSolution
		{7D863096-2E04-4C5A-885F-75E712564BB3}.Debug|Any CPU.ActiveCfg = Debug|Any CPU
		{7D863096-2E04-4C5A-885F-75E712564BB3}.Debug|Any CPU.Build.0 = Debug|Any CPU
		{7D863096-2E04-4C5A-885F-75E712564BB3}.Release|Any CPU.ActiveCfg = Release|Any CPU
		{7D863096-2E04-4C5A-885F-75E712564BB3}.Release|Any CPU.Build.0 = Release|Any CPU
	EndGlobalSection
	GlobalSection(SolutionProperties) = preSolution
		HideSolutionNode = FALSE
	EndGlobalSection
	GlobalSection(ExtensibilityGlobals) = postSolution
		SolutionGuid = {0C9AE86D-456F-4244-A95E-2A823081A937}
	EndGlobalSection
EndGlobal
